
Microsoft Visual Studio Solution File, Format Version 12.00
# Visual Studio Version 17
VisualStudioVersion = 17.0.31903.59
MinimumVisualStudioVersion = 10.0.40219.1
Project("{FAE04EC0-301F-11D3-BF4B-00C04F79EFBC}") = "DndApp.Api", "DndApp.Api\DndApp.Api.csproj", "{561E071A-4009-4023-84B9-3A8917D3FBE4}"
EndProject
Project("{FAE04EC0-301F-11D3-BF4B-00C04F79EFBC}") = "DndApp.Api.Tests", "DndApp.Api.Tests\DndApp.Api.Tests.csproj", "{EC36AC4C-855E-4547-A194-A08818AAA1B8}"
EndProject
Global
	GlobalSection(SolutionConfigurationPlatforms) = preSolution
		Debug|Any CPU = Debug|Any CPU
		Release|Any CPU = Release|Any CPU
	EndGlobalSection
	GlobalSection(SolutionProperties) = preSolution
		HideSolutionNode = FALSE
	EndGlobalSection
	GlobalSection(ProjectConfigurationPlatforms) = postSolution
		{561E071A-4009-4023-84B9-3A8917D3FBE4}.Debug|Any CPU.ActiveCfg = Debug|Any CPU
		{561E071A-4009-4023-84B9-3A8917D3FBE4}.Debug|Any CPU.Build.0 = Debug|Any CPU
		{561E071A-4009-4023-84B9-3A8917D3FBE4}.Release|Any CPU.ActiveCfg = Release|Any CPU
		{561E071A-4009-4023-84B9-3A8917D3FBE4}.Release|Any CPU.Build.0 = Release|Any CPU
		{EC36AC4C-855E-4547-A194-A08818AAA1B8}.Debug|Any CPU.ActiveCfg = Debug|Any CPU
		{EC36AC4C-855E-4547-A194-A08818AAA1B8}.Debug|Any CPU.Build.0 = Debug|Any CPU
		{EC36AC4C-855E-4547-A194-A08818AAA1B8}.Release|Any CPU.ActiveCfg = Release|Any CPU
		{EC36AC4C-855E-4547-A194-A08818AAA1B8}.Release|Any CPU.Build.0 = Release|Any CPU
	EndGlobalSection
EndGlobal
